
Microsoft Visual Studio Solution File, Format Version 12.00
# Visual Studio Version 16
VisualStudioVersion = 16.0.30011.22
MinimumVisualStudioVersion = 10.0.40219.1
Project("{888888A0-9F3D-457C-B088-3A5042F75D52}") = "POOGpo2", "POOGpo2.pyproj", "{5AEF28A1-E7B3-4DE5-9931-FC65B2104DCB}"
EndProject
Global
	GlobalSection(SolutionConfigurationPlatforms) = preSolution
		Debug|Any CPU = Debug|Any CPU
		Release|Any CPU = Release|Any CPU
	EndGlobalSection
	GlobalSection(ProjectConfigurationPlatforms) = postSolution
		{5AEF28A1-E7B3-4DE5-9931-FC65B2104DCB}.Debug|Any CPU.ActiveCfg = Debug|Any CPU
		{5AEF28A1-E7B3-4DE5-9931-FC65B2104DCB}.Release|Any CPU.ActiveCfg = Release|Any CPU
	EndGlobalSection
	GlobalSection(SolutionProperties) = preSolution
		HideSolutionNode = FALSE
	EndGlobalSection
	GlobalSection(ExtensibilityGlobals) = postSolution
		SolutionGuid = {FFCC5E7F-0817-4948-B5B9-7F5262F83A31}
	EndGlobalSection
EndGlobal
